{
  "name": "coding",
  "version": "1.0.0",
  "lockfileVersion": 3,
  "requires": true,
  "packages": {
    "": {
      "name": "coding",
      "version": "1.0.0",
      "license": "ISC",
      "dependencies": {
        "@innovex/core": "^1.0.6",
        "@pheona/server": "^1.0.8"
      }
    },
    "node_modules/@innovex/core": {
      "version": "1.0.6",
      "resolved": "https://registry.npmjs.org/@innovex/core/-/core-1.0.6.tgz",
      "integrity": "sha512-erH2gp7bWshp2KBo2he1yHkGlM17fKaiC84BWi4jqNobUDVp7KFkj6DKW0RMlZ28mgHmxpv1NvxNLT2tBp6DJQ=="
    },
    "node_modules/@pheona/server": {
      "version": "1.0.8",
      "resolved": "https://registry.npmjs.org/@pheona/server/-/server-1.0.8.tgz",
      "integrity": "sha512-Ahs65/bvWUfoz4sVdTlHnjmCBWXTcMrVCLxq/arxltsYAES/4uJfem4+p3kCVDs6fQIBTp+1sEtRQS9yIPkjcA=="
    }
  }
}
